// !$*UTF8*$!
{
	archiveVersion = 1;
	classes = {
	};
	objectVersion = 56;
	objects = {

/* Begin PBXBuildFile section */
		3011DD3A2A52C05C00BD9CB9 /* PatientsViewModel.swift in Sources */ = {isa = PBXBuildFile; fileRef = 3011DD392A52C05C00BD9CB9 /* PatientsViewModel.swift */; };
		3011DD3C2A52D02E00BD9CB9 /* AddPatientViewController.swift in Sources */ = {isa = PBXBuildFile; fileRef = 3011DD3B2A52D02E00BD9CB9 /* AddPatientViewController.swift */; };
		3052E8002A51A4D3009398CD /* TestTypeEnum.swift in Sources */ = {isa = PBXBuildFile; fileRef = 3052E7FF2A51A4D3009398CD /* TestTypeEnum.swift */; };
		3052E8022A51BA67009398CD /* PatientModel.swift in Sources */ = {isa = PBXBuildFile; fileRef = 3052E8012A51BA67009398CD /* PatientModel.swift */; };
		3052E8042A51BB17009398CD /* TestStatusEnum.swift in Sources */ = {isa = PBXBuildFile; fileRef = 3052E8032A51BB17009398CD /* TestStatusEnum.swift */; };
		3052E8062A51BDC1009398CD /* CustomCell.swift in Sources */ = {isa = PBXBuildFile; fileRef = 3052E8052A51BDC1009398CD /* CustomCell.swift */; };
		305762852A4F474C0089C9F9 /* AppDelegate.swift in Sources */ = {isa = PBXBuildFile; fileRef = 305762842A4F474C0089C9F9 /* AppDelegate.swift */; };
		305762872A4F474C0089C9F9 /* ViewController.swift in Sources */ = {isa = PBXBuildFile; fileRef = 305762862A4F474C0089C9F9 /* ViewController.swift */; };
		305762892A4F474D0089C9F9 /* Assets.xcassets in Resources */ = {isa = PBXBuildFile; fileRef = 305762882A4F474D0089C9F9 /* Assets.xcassets */; };
		3057628C2A4F474D0089C9F9 /* Main.storyboard in Resources */ = {isa = PBXBuildFile; fileRef = 3057628A2A4F474D0089C9F9 /* Main.storyboard */; };
		3059E0AA2A55545E00211F76 /* AppCommonComponents.framework in Frameworks */ = {isa = PBXBuildFile; fileRef = 3059E0A92A55545E00211F76 /* AppCommonComponents.framework */; };
		3059E0AB2A55545E00211F76 /* AppCommonComponents.framework in Embed Frameworks */ = {isa = PBXBuildFile; fileRef = 3059E0A92A55545E00211F76 /* AppCommonComponents.framework */; settings = {ATTRIBUTES = (CodeSignOnCopy, RemoveHeadersOnCopy, ); }; };
		3059E0AE2A5573A400211F76 /* DetailsView.xib in Resources */ = {isa = PBXBuildFile; fileRef = 3059E0AD2A5573A400211F76 /* DetailsView.xib */; };
		3059E0B02A5573B900211F76 /* DetailsView.swift in Sources */ = {isa = PBXBuildFile; fileRef = 3059E0AF2A5573B900211F76 /* DetailsView.swift */; };
		3059E0B82A558ACA00211F76 /* PatientsViewModelTests.swift in Sources */ = {isa = PBXBuildFile; fileRef = 3059E0B72A558ACA00211F76 /* PatientsViewModelTests.swift */; };
		3059E0C52A559D0500211F76 /* CovidPatientsUITests.swift in Sources */ = {isa = PBXBuildFile; fileRef = 3059E0C42A559D0500211F76 /* CovidPatientsUITests.swift */; };
		3059E0C72A559D0500211F76 /* CovidPatientsUITestsLaunchTests.swift in Sources */ = {isa = PBXBuildFile; fileRef = 3059E0C62A559D0500211F76 /* CovidPatientsUITestsLaunchTests.swift */; };
/* End PBXBuildFile section */

/* Begin PBXContainerItemProxy section */
		3059E0B92A558ACA00211F76 /* PBXContainerItemProxy */ = {
			isa = PBXContainerItemProxy;
			containerPortal = 305762792A4F474C0089C9F9 /* Project object */;
			proxyType = 1;
			remoteGlobalIDString = 305762802A4F474C0089C9F9;
			remoteInfo = "Covid Patients";
		};
		3059E0C82A559D0500211F76 /* PBXContainerItemProxy */ = {
			isa = PBXContainerItemProxy;
			containerPortal = 305762792A4F474C0089C9F9 /* Project object */;
			proxyType = 1;
			remoteGlobalIDString = 305762802A4F474C0089C9F9;
			remoteInfo = "Covid Patients";
		};
		3059E0D72A55A0C800211F76 /* PBXContainerItemProxy */ = {
			isa = PBXContainerItemProxy;
			containerPortal = 305762792A4F474C0089C9F9 /* Project object */;
			proxyType = 1;
			remoteGlobalIDString = 305762802A4F474C0089C9F9;
			remoteInfo = "Covid Patients";
		};
/* End PBXContainerItemProxy section */

/* Begin PBXCopyFilesBuildPhase section */
		3059E0AC2A55545E00211F76 /* Embed Frameworks */ = {
			isa = PBXCopyFilesBuildPhase;
			buildActionMask = 2147483647;
			dstPath = "";
			dstSubfolderSpec = 10;
			files = (
				3059E0AB2A55545E00211F76 /* AppCommonComponents.framework in Embed Frameworks */,
			);
			name = "Embed Frameworks";
			runOnlyForDeploymentPostprocessing = 0;
		};
/* End PBXCopyFilesBuildPhase section */

/* Begin PBXFileReference section */
		3011DD392A52C05C00BD9CB9 /* PatientsViewModel.swift */ = {isa = PBXFileReference; lastKnownFileType = sourcecode.swift; path = PatientsViewModel.swift; sourceTree = "<group>"; };
		3011DD3B2A52D02E00BD9CB9 /* AddPatientViewController.swift */ = {isa = PBXFileReference; lastKnownFileType = sourcecode.swift; path = AddPatientViewController.swift; sourceTree = "<group>"; };
		3052E7FF2A51A4D3009398CD /* TestTypeEnum.swift */ = {isa = PBXFileReference; lastKnownFileType = sourcecode.swift; path = TestTypeEnum.swift; sourceTree = "<group>"; };
		3052E8012A51BA67009398CD /* PatientModel.swift */ = {isa = PBXFileReference; lastKnownFileType = sourcecode.swift; path = PatientModel.swift; sourceTree = "<group>"; };
		3052E8032A51BB17009398CD /* TestStatusEnum.swift */ = {isa = PBXFileReference; lastKnownFileType = sourcecode.swift; path = TestStatusEnum.swift; sourceTree = "<group>"; };
		3052E8052A51BDC1009398CD /* CustomCell.swift */ = {isa = PBXFileReference; lastKnownFileType = sourcecode.swift; path = CustomCell.swift; sourceTree = "<group>"; };
		305762812A4F474C0089C9F9 /* Covid Patients.app */ = {isa = PBXFileReference; explicitFileType = wrapper.application; includeInIndex = 0; path = "Covid Patients.app"; sourceTree = BUILT_PRODUCTS_DIR; };
		305762842A4F474C0089C9F9 /* AppDelegate.swift */ = {isa = PBXFileReference; lastKnownFileType = sourcecode.swift; path = AppDelegate.swift; sourceTree = "<group>"; };
		305762862A4F474C0089C9F9 /* ViewController.swift */ = {isa = PBXFileReference; lastKnownFileType = sourcecode.swift; path = ViewController.swift; sourceTree = "<group>"; };
		305762882A4F474D0089C9F9 /* Assets.xcassets */ = {isa = PBXFileReference; lastKnownFileType = folder.assetcatalog; path = Assets.xcassets; sourceTree = "<group>"; };
		3057628B2A4F474D0089C9F9 /* Base */ = {isa = PBXFileReference; lastKnownFileType = file.storyboard; name = Base; path = Base.lproj/Main.storyboard; sourceTree = "<group>"; };
		3057628D2A4F474D0089C9F9 /* Covid_Patients.entitlements */ = {isa = PBXFileReference; lastKnownFileType = text.plist.entitlements; path = Covid_Patients.entitlements; sourceTree = "<group>"; };
		3059E0A92A55545E00211F76 /* AppCommonComponents.framework */ = {isa = PBXFileReference; lastKnownFileType = wrapper.framework; name = AppCommonComponents.framework; path = Frameworks/AppCommonComponents.framework; sourceTree = "<group>"; };
		3059E0AD2A5573A400211F76 /* DetailsView.xib */ = {isa = PBXFileReference; lastKnownFileType = file.xib; path = DetailsView.xib; sourceTree = "<group>"; };
		3059E0AF2A5573B900211F76 /* DetailsView.swift */ = {isa = PBXFileReference; lastKnownFileType = sourcecode.swift; path = DetailsView.swift; sourceTree = "<group>"; };
		3059E0B52A558ACA00211F76 /* Covid PatientsTests.xctest */ = {isa = PBXFileReference; explicitFileType = wrapper.cfbundle; includeInIndex = 0; path = "Covid PatientsTests.xctest"; sourceTree = BUILT_PRODUCTS_DIR; };
		3059E0B72A558ACA00211F76 /* PatientsViewModelTests.swift */ = {isa = PBXFileReference; lastKnownFileType = sourcecode.swift; path = PatientsViewModelTests.swift; sourceTree = "<group>"; };
		3059E0C22A559D0500211F76 /* Covid PatientsUITests.xctest */ = {isa = PBXFileReference; explicitFileType = wrapper.cfbundle; includeInIndex = 0; path = "Covid PatientsUITests.xctest"; sourceTree = BUILT_PRODUCTS_DIR; };
		3059E0C42A559D0500211F76 /* CovidPatientsUITests.swift */ = {isa = PBXFileReference; lastKnownFileType = sourcecode.swift; path = CovidPatientsUITests.swift; sourceTree = "<group>"; };
		3059E0C62A559D0500211F76 /* CovidPatientsUITestsLaunchTests.swift */ = {isa = PBXFileReference; lastKnownFileType = sourcecode.swift; path = CovidPatientsUITestsLaunchTests.swift; sourceTree = "<group>"; };
		3059E0D12A55A0C800211F76 /* Covid_PatientsUITests.xctest */ = {isa = PBXFileReference; explicitFileType = wrapper.cfbundle; includeInIndex = 0; path = Covid_PatientsUITests.xctest; sourceTree = BUILT_PRODUCTS_DIR; };
/* End PBXFileReference section */

/* Begin PBXFrameworksBuildPhase section */
		3057627E2A4F474C0089C9F9 /* Frameworks */ = {
			isa = PBXFrameworksBuildPhase;
			buildActionMask = 2147483647;
			files = (
				3059E0AA2A55545E00211F76 /* AppCommonComponents.framework in Frameworks */,
			);
			runOnlyForDeploymentPostprocessing = 0;
		};
		3059E0B22A558ACA00211F76 /* Frameworks */ = {
			isa = PBXFrameworksBuildPhase;
			buildActionMask = 2147483647;
			files = (
			);
			runOnlyForDeploymentPostprocessing = 0;
		};
		3059E0BF2A559D0500211F76 /* Frameworks */ = {
			isa = PBXFrameworksBuildPhase;
			buildActionMask = 2147483647;
			files = (
			);
			runOnlyForDeploymentPostprocessing = 0;
		};
		3059E0CE2A55A0C800211F76 /* Frameworks */ = {
			isa = PBXFrameworksBuildPhase;
			buildActionMask = 2147483647;
			files = (
			);
			runOnlyForDeploymentPostprocessing = 0;
		};
/* End PBXFrameworksBuildPhase section */

/* Begin PBXGroup section */
		305762782A4F474C0089C9F9 = {
			isa = PBXGroup;
			children = (
				305762832A4F474C0089C9F9 /* Covid Patients */,
				3059E0B62A558ACA00211F76 /* PatientsViewModelTests */,
				3059E0C32A559D0500211F76 /* CovidPatientsUITests */,
				305762822A4F474C0089C9F9 /* Products */,
				3059E0A82A55545D00211F76 /* Frameworks */,
			);
			sourceTree = "<group>";
		};
		305762822A4F474C0089C9F9 /* Products */ = {
			isa = PBXGroup;
			children = (
				305762812A4F474C0089C9F9 /* Covid Patients.app */,
				3059E0B52A558ACA00211F76 /* Covid PatientsTests.xctest */,
				3059E0C22A559D0500211F76 /* Covid PatientsUITests.xctest */,
				3059E0D12A55A0C800211F76 /* Covid_PatientsUITests.xctest */,
			);
			name = Products;
			sourceTree = "<group>";
		};
		305762832A4F474C0089C9F9 /* Covid Patients */ = {
			isa = PBXGroup;
			children = (
				305762842A4F474C0089C9F9 /* AppDelegate.swift */,
				305762862A4F474C0089C9F9 /* ViewController.swift */,
				3011DD392A52C05C00BD9CB9 /* PatientsViewModel.swift */,
				305762882A4F474D0089C9F9 /* Assets.xcassets */,
				3057628A2A4F474D0089C9F9 /* Main.storyboard */,
				3059E0AD2A5573A400211F76 /* DetailsView.xib */,
				3059E0AF2A5573B900211F76 /* DetailsView.swift */,
				3011DD3B2A52D02E00BD9CB9 /* AddPatientViewController.swift */,
				3052E8052A51BDC1009398CD /* CustomCell.swift */,
				3052E8012A51BA67009398CD /* PatientModel.swift */,
				3052E8032A51BB17009398CD /* TestStatusEnum.swift */,
				3052E7FF2A51A4D3009398CD /* TestTypeEnum.swift */,
				3057628D2A4F474D0089C9F9 /* Covid_Patients.entitlements */,
			);
			path = "Covid Patients";
			sourceTree = "<group>";
		};
		3059E0A82A55545D00211F76 /* Frameworks */ = {
			isa = PBXGroup;
			children = (
				3059E0A92A55545E00211F76 /* AppCommonComponents.framework */,
			);
			name = Frameworks;
			sourceTree = "<group>";
		};
		3059E0B62A558ACA00211F76 /* PatientsViewModelTests */ = {
			isa = PBXGroup;
			children = (
				3059E0B72A558ACA00211F76 /* PatientsViewModelTests.swift */,
			);
			path = PatientsViewModelTests;
			sourceTree = "<group>";
		};
		3059E0C32A559D0500211F76 /* CovidPatientsUITests */ = {
			isa = PBXGroup;
			children = (
				3059E0C42A559D0500211F76 /* CovidPatientsUITests.swift */,
				3059E0C62A559D0500211F76 /* CovidPatientsUITestsLaunchTests.swift */,
			);
			path = CovidPatientsUITests;
			sourceTree = "<group>";
		};
/* End PBXGroup section */

/* Begin PBXNativeTarget section */
		305762802A4F474C0089C9F9 /* Covid Patients */ = {
			isa = PBXNativeTarget;
			buildConfigurationList = 305762902A4F474D0089C9F9 /* Build configuration list for PBXNativeTarget "Covid Patients" */;
			buildPhases = (
				3057627D2A4F474C0089C9F9 /* Sources */,
				3057627E2A4F474C0089C9F9 /* Frameworks */,
				3057627F2A4F474C0089C9F9 /* Resources */,
				3059E0AC2A55545E00211F76 /* Embed Frameworks */,
				30EF1CB02A56E16500206894 /* ShellScript */,
			);
			buildRules = (
			);
			dependencies = (
			);
			name = "Covid Patients";
			productName = "Covid Patients";
			productReference = 305762812A4F474C0089C9F9 /* Covid Patients.app */;
			productType = "com.apple.product-type.application";
		};
		3059E0B42A558ACA00211F76 /* Covid PatientsTests */ = {
			isa = PBXNativeTarget;
			buildConfigurationList = 3059E0BB2A558ACA00211F76 /* Build configuration list for PBXNativeTarget "Covid PatientsTests" */;
			buildPhases = (
				3059E0B12A558ACA00211F76 /* Sources */,
				3059E0B22A558ACA00211F76 /* Frameworks */,
				3059E0B32A558ACA00211F76 /* Resources */,
			);
			buildRules = (
			);
			dependencies = (
				3059E0BA2A558ACA00211F76 /* PBXTargetDependency */,
			);
			name = "Covid PatientsTests";
			productName = "Covid PatientsTests";
			productReference = 3059E0B52A558ACA00211F76 /* Covid PatientsTests.xctest */;
			productType = "com.apple.product-type.bundle.unit-test";
		};
		3059E0C12A559D0500211F76 /* Covid PatientsUITests */ = {
			isa = PBXNativeTarget;
			buildConfigurationList = 3059E0CA2A559D0500211F76 /* Build configuration list for PBXNativeTarget "Covid PatientsUITests" */;
			buildPhases = (
				3059E0BE2A559D0500211F76 /* Sources */,
				3059E0BF2A559D0500211F76 /* Frameworks */,
				3059E0C02A559D0500211F76 /* Resources */,
			);
			buildRules = (
			);
			dependencies = (
				3059E0C92A559D0500211F76 /* PBXTargetDependency */,
			);
			name = "Covid PatientsUITests";
			productName = "Covid PatientsUITests";
			productReference = 3059E0C22A559D0500211F76 /* Covid PatientsUITests.xctest */;
			productType = "com.apple.product-type.bundle.ui-testing";
		};
		3059E0D02A55A0C800211F76 /* Covid_PatientsUITests */ = {
			isa = PBXNativeTarget;
			buildConfigurationList = 3059E0D92A55A0C800211F76 /* Build configuration list for PBXNativeTarget "Covid_PatientsUITests" */;
			buildPhases = (
				3059E0CD2A55A0C800211F76 /* Sources */,
				3059E0CE2A55A0C800211F76 /* Frameworks */,
				3059E0CF2A55A0C800211F76 /* Resources */,
			);
			buildRules = (
			);
			dependencies = (
				3059E0D82A55A0C800211F76 /* PBXTargetDependency */,
			);
			name = Covid_PatientsUITests;
			productName = Covid_PatientsUITests;
			productReference = 3059E0D12A55A0C800211F76 /* Covid_PatientsUITests.xctest */;
			productType = "com.apple.product-type.bundle.ui-testing";
		};
/* End PBXNativeTarget section */

/* Begin PBXProject section */
		305762792A4F474C0089C9F9 /* Project object */ = {
			isa = PBXProject;
			attributes = {
				BuildIndependentTargetsInParallel = 1;
				LastSwiftUpdateCheck = 1420;
				LastUpgradeCheck = 1420;
				TargetAttributes = {
					305762802A4F474C0089C9F9 = {
						CreatedOnToolsVersion = 14.2;
					};
					3059E0B42A558ACA00211F76 = {
						CreatedOnToolsVersion = 14.2;
						TestTargetID = 305762802A4F474C0089C9F9;
					};
					3059E0C12A559D0500211F76 = {
						CreatedOnToolsVersion = 14.2;
						TestTargetID = 305762802A4F474C0089C9F9;
					};
					3059E0D02A55A0C800211F76 = {
						CreatedOnToolsVersion = 14.2;
						TestTargetID = 305762802A4F474C0089C9F9;
					};
				};
			};
			buildConfigurationList = 3057627C2A4F474C0089C9F9 /* Build configuration list for PBXProject "Covid Patients" */;
			compatibilityVersion = "Xcode 14.0";
			developmentRegion = en;
			hasScannedForEncodings = 0;
			knownRegions = (
				en,
				Base,
			);
			mainGroup = 305762782A4F474C0089C9F9;
			productRefGroup = 305762822A4F474C0089C9F9 /* Products */;
			projectDirPath = "";
			projectRoot = "";
			targets = (
				305762802A4F474C0089C9F9 /* Covid Patients */,
				3059E0B42A558ACA00211F76 /* Covid PatientsTests */,
				3059E0C12A559D0500211F76 /* Covid PatientsUITests */,
				3059E0D02A55A0C800211F76 /* Covid_PatientsUITests */,
			);
		};
/* End PBXProject section */

/* Begin PBXResourcesBuildPhase section */
		3057627F2A4F474C0089C9F9 /* Resources */ = {
			isa = PBXResourcesBuildPhase;
			buildActionMask = 2147483647;
			files = (
				305762892A4F474D0089C9F9 /* Assets.xcassets in Resources */,
				3057628C2A4F474D0089C9F9 /* Main.storyboard in Resources */,
				3059E0AE2A5573A400211F76 /* DetailsView.xib in Resources */,
			);
			runOnlyForDeploymentPostprocessing = 0;
		};
		3059E0B32A558ACA00211F76 /* Resources */ = {
			isa = PBXResourcesBuildPhase;
			buildActionMask = 2147483647;
			files = (
			);
			runOnlyForDeploymentPostprocessing = 0;
		};
		3059E0C02A559D0500211F76 /* Resources */ = {
			isa = PBXResourcesBuildPhase;
			buildActionMask = 2147483647;
			files = (
			);
			runOnlyForDeploymentPostprocessing = 0;
		};
		3059E0CF2A55A0C800211F76 /* Resources */ = {
			isa = PBXResourcesBuildPhase;
			buildActionMask = 2147483647;
			files = (
			);
			runOnlyForDeploymentPostprocessing = 0;
		};
/* End PBXResourcesBuildPhase section */

/* Begin PBXShellScriptBuildPhase section */
		30EF1CB02A56E16500206894 /* ShellScript */ = {
			isa = PBXShellScriptBuildPhase;
			buildActionMask = 2147483647;
			files = (
			);
			inputFileListPaths = (
			);
			inputPaths = (
			);
			outputFileListPaths = (
			);
			outputPaths = (
			);
			runOnlyForDeploymentPostprocessing = 0;
			shellPath = /bin/sh;
			shellScript = "./ide_swiftlint.sh\n";
		};
/* End PBXShellScriptBuildPhase section */

/* Begin PBXSourcesBuildPhase section */
		3057627D2A4F474C0089C9F9 /* Sources */ = {
			isa = PBXSourcesBuildPhase;
			buildActionMask = 2147483647;
			files = (
				3052E8002A51A4D3009398CD /* TestTypeEnum.swift in Sources */,
				305762872A4F474C0089C9F9 /* ViewController.swift in Sources */,
				3059E0B02A5573B900211F76 /* DetailsView.swift in Sources */,
				305762852A4F474C0089C9F9 /* AppDelegate.swift in Sources */,
				3052E8022A51BA67009398CD /* PatientModel.swift in Sources */,
				3052E8062A51BDC1009398CD /* CustomCell.swift in Sources */,
				3011DD3A2A52C05C00BD9CB9 /* PatientsViewModel.swift in Sources */,
				3011DD3C2A52D02E00BD9CB9 /* AddPatientViewController.swift in Sources */,
				3052E8042A51BB17009398CD /* TestStatusEnum.swift in Sources */,
			);
			runOnlyForDeploymentPostprocessing = 0;
		};
		3059E0B12A558ACA00211F76 /* Sources */ = {
			isa = PBXSourcesBuildPhase;
			buildActionMask = 2147483647;
			files = (
				3059E0B82A558ACA00211F76 /* PatientsViewModelTests.swift in Sources */,
			);
			runOnlyForDeploymentPostprocessing = 0;
		};
		3059E0BE2A559D0500211F76 /* Sources */ = {
			isa = PBXSourcesBuildPhase;
			buildActionMask = 2147483647;
			files = (
				3059E0C72A559D0500211F76 /* CovidPatientsUITestsLaunchTests.swift in Sources */,
				3059E0C52A559D0500211F76 /* CovidPatientsUITests.swift in Sources */,
			);
			runOnlyForDeploymentPostprocessing = 0;
		};
		3059E0CD2A55A0C800211F76 /* Sources */ = {
			isa = PBXSourcesBuildPhase;
			buildActionMask = 2147483647;
			files = (
			);
			runOnlyForDeploymentPostprocessing = 0;
		};
/* End PBXSourcesBuildPhase section */

/* Begin PBXTargetDependency section */
		3059E0BA2A558ACA00211F76 /* PBXTargetDependency */ = {
			isa = PBXTargetDependency;
			target = 305762802A4F474C0089C9F9 /* Covid Patients */;
			targetProxy = 3059E0B92A558ACA00211F76 /* PBXContainerItemProxy */;
		};
		3059E0C92A559D0500211F76 /* PBXTargetDependency */ = {
			isa = PBXTargetDependency;
			target = 305762802A4F474C0089C9F9 /* Covid Patients */;
			targetProxy = 3059E0C82A559D0500211F76 /* PBXContainerItemProxy */;
		};
		3059E0D82A55A0C800211F76 /* PBXTargetDependency */ = {
			isa = PBXTargetDependency;
			target = 305762802A4F474C0089C9F9 /* Covid Patients */;
			targetProxy = 3059E0D72A55A0C800211F76 /* PBXContainerItemProxy */;
		};
/* End PBXTargetDependency section */

/* Begin PBXVariantGroup section */
		3057628A2A4F474D0089C9F9 /* Main.storyboard */ = {
			isa = PBXVariantGroup;
			children = (
				3057628B2A4F474D0089C9F9 /* Base */,
			);
			name = Main.storyboard;
			sourceTree = "<group>";
		};
/* End PBXVariantGroup section */

/* Begin XCBuildConfiguration section */
		3057628E2A4F474D0089C9F9 /* Debug */ = {
			isa = XCBuildConfiguration;
			buildSettings = {
				ALWAYS_SEARCH_USER_PATHS = NO;
				CLANG_ANALYZER_NONNULL = YES;
				CLANG_ANALYZER_NUMBER_OBJECT_CONVERSION = YES_AGGRESSIVE;
				CLANG_CXX_LANGUAGE_STANDARD = "gnu++20";
				CLANG_ENABLE_MODULES = YES;
				CLANG_ENABLE_OBJC_ARC = YES;
				CLANG_ENABLE_OBJC_WEAK = YES;
				CLANG_WARN_BLOCK_CAPTURE_AUTORELEASING = YES;
				CLANG_WARN_BOOL_CONVERSION = YES;
				CLANG_WARN_COMMA = YES;
				CLANG_WARN_CONSTANT_CONVERSION = YES;
				CLANG_WARN_DEPRECATED_OBJC_IMPLEMENTATIONS = YES;
				CLANG_WARN_DIRECT_OBJC_ISA_USAGE = YES_ERROR;
				CLANG_WARN_DOCUMENTATION_COMMENTS = YES;
				CLANG_WARN_EMPTY_BODY = YES;
				CLANG_WARN_ENUM_CONVERSION = YES;
				CLANG_WARN_INFINITE_RECURSION = YES;
				CLANG_WARN_INT_CONVERSION = YES;
				CLANG_WARN_NON_LITERAL_NULL_CONVERSION = YES;
				CLANG_WARN_OBJC_IMPLICIT_RETAIN_SELF = YES;
				CLANG_WARN_OBJC_LITERAL_CONVERSION = YES;
				CLANG_WARN_OBJC_ROOT_CLASS = YES_ERROR;
				CLANG_WARN_QUOTED_INCLUDE_IN_FRAMEWORK_HEADER = YES;
				CLANG_WARN_RANGE_LOOP_ANALYSIS = YES;
				CLANG_WARN_STRICT_PROTOTYPES = YES;
				CLANG_WARN_SUSPICIOUS_MOVE = YES;
				CLANG_WARN_UNGUARDED_AVAILABILITY = YES_AGGRESSIVE;
				CLANG_WARN_UNREACHABLE_CODE = YES;
				CLANG_WARN__DUPLICATE_METHOD_MATCH = YES;
				COPY_PHASE_STRIP = NO;
				DEBUG_INFORMATION_FORMAT = dwarf;
				ENABLE_STRICT_OBJC_MSGSEND = YES;
				ENABLE_TESTABILITY = YES;
				GCC_C_LANGUAGE_STANDARD = gnu11;
				GCC_DYNAMIC_NO_PIC = NO;
				GCC_NO_COMMON_BLOCKS = YES;
				GCC_OPTIMIZATION_LEVEL = 0;
				GCC_PREPROCESSOR_DEFINITIONS = (
					"DEBUG=1",
					"$(inherited)",
				);
				GCC_WARN_64_TO_32_BIT_CONVERSION = YES;
				GCC_WARN_ABOUT_RETURN_TYPE = YES_ERROR;
				GCC_WARN_UNDECLARED_SELECTOR = YES;
				GCC_WARN_UNINITIALIZED_AUTOS = YES_AGGRESSIVE;
				GCC_WARN_UNUSED_FUNCTION = YES;
				GCC_WARN_UNUSED_VARIABLE = YES;
				MACOSX_DEPLOYMENT_TARGET = 12.5;
				MTL_ENABLE_DEBUG_INFO = INCLUDE_SOURCE;
				MTL_FAST_MATH = YES;
				ONLY_ACTIVE_ARCH = YES;
				SDKROOT = macosx;
				SWIFT_ACTIVE_COMPILATION_CONDITIONS = DEBUG;
				SWIFT_OPTIMIZATION_LEVEL = "-Onone";
			};
			name = Debug;
		};
		3057628F2A4F474D0089C9F9 /* Release */ = {
			isa = XCBuildConfiguration;
			buildSettings = {
				ALWAYS_SEARCH_USER_PATHS = NO;
				CLANG_ANALYZER_NONNULL = YES;
				CLANG_ANALYZER_NUMBER_OBJECT_CONVERSION = YES_AGGRESSIVE;
				CLANG_CXX_LANGUAGE_STANDARD = "gnu++20";
				CLANG_ENABLE_MODULES = YES;
				CLANG_ENABLE_OBJC_ARC = YES;
				CLANG_ENABLE_OBJC_WEAK = YES;
				CLANG_WARN_BLOCK_CAPTURE_AUTORELEASING = YES;
				CLANG_WARN_BOOL_CONVERSION = YES;
				CLANG_WARN_COMMA = YES;
				CLANG_WARN_CONSTANT_CONVERSION = YES;
				CLANG_WARN_DEPRECATED_OBJC_IMPLEMENTATIONS = YES;
				CLANG_WARN_DIRECT_OBJC_ISA_USAGE = YES_ERROR;
				CLANG_WARN_DOCUMENTATION_COMMENTS = YES;
				CLANG_WARN_EMPTY_BODY = YES;
				CLANG_WARN_ENUM_CONVERSION = YES;
				CLANG_WARN_INFINITE_RECURSION = YES;
				CLANG_WARN_INT_CONVERSION = YES;
				CLANG_WARN_NON_LITERAL_NULL_CONVERSION = YES;
				CLANG_WARN_OBJC_IMPLICIT_RETAIN_SELF = YES;
				CLANG_WARN_OBJC_LITERAL_CONVERSION = YES;
				CLANG_WARN_OBJC_ROOT_CLASS = YES_ERROR;
				CLANG_WARN_QUOTED_INCLUDE_IN_FRAMEWORK_HEADER = YES;
				CLANG_WARN_RANGE_LOOP_ANALYSIS = YES;
				CLANG_WARN_STRICT_PROTOTYPES = YES;
				CLANG_WARN_SUSPICIOUS_MOVE = YES;
				CLANG_WARN_UNGUARDED_AVAILABILITY = YES_AGGRESSIVE;
				CLANG_WARN_UNREACHABLE_CODE = YES;
				CLANG_WARN__DUPLICATE_METHOD_MATCH = YES;
				COPY_PHASE_STRIP = NO;
				DEBUG_INFORMATION_FORMAT = "dwarf-with-dsym";
				ENABLE_NS_ASSERTIONS = NO;
				ENABLE_STRICT_OBJC_MSGSEND = YES;
				GCC_C_LANGUAGE_STANDARD = gnu11;
				GCC_NO_COMMON_BLOCKS = YES;
				GCC_WARN_64_TO_32_BIT_CONVERSION = YES;
				GCC_WARN_ABOUT_RETURN_TYPE = YES_ERROR;
				GCC_WARN_UNDECLARED_SELECTOR = YES;
				GCC_WARN_UNINITIALIZED_AUTOS = YES_AGGRESSIVE;
				GCC_WARN_UNUSED_FUNCTION = YES;
				GCC_WARN_UNUSED_VARIABLE = YES;
				MACOSX_DEPLOYMENT_TARGET = 12.5;
				MTL_ENABLE_DEBUG_INFO = NO;
				MTL_FAST_MATH = YES;
				SDKROOT = macosx;
				SWIFT_COMPILATION_MODE = wholemodule;
				SWIFT_OPTIMIZATION_LEVEL = "-O";
			};
			name = Release;
		};
		305762912A4F474D0089C9F9 /* Debug */ = {
			isa = XCBuildConfiguration;
			buildSettings = {
				ASSETCATALOG_COMPILER_APPICON_NAME = AppIcon;
				ASSETCATALOG_COMPILER_GLOBAL_ACCENT_COLOR_NAME = AccentColor;
				CODE_SIGN_ENTITLEMENTS = "Covid Patients/Covid_Patients.entitlements";
				CODE_SIGN_STYLE = Automatic;
				COMBINE_HIDPI_IMAGES = YES;
				CURRENT_PROJECT_VERSION = 1;
				FRAMEWORK_SEARCH_PATHS = (
					"$(inherited)",
					"$(PROJECT_DIR)/Frameworks",
				);
				GENERATE_INFOPLIST_FILE = YES;
				INFOPLIST_KEY_NSHumanReadableCopyright = "";
				INFOPLIST_KEY_NSMainStoryboardFile = Main;
				INFOPLIST_KEY_NSPrincipalClass = NSApplication;
				LD_RUNPATH_SEARCH_PATHS = (
					"$(inherited)",
					"@executable_path/../Frameworks",
					"$(PROJECT_DIR)/Frameworks",
				);
				MARKETING_VERSION = 1.0;
				PRODUCT_BUNDLE_IDENTIFIER = "com.aurora.Covid-Patients";
				PRODUCT_NAME = "$(TARGET_NAME)";
				SWIFT_EMIT_LOC_STRINGS = YES;
				SWIFT_VERSION = 5.0;
			};
			name = Debug;
		};
		305762922A4F474D0089C9F9 /* Release */ = {
			isa = XCBuildConfiguration;
			buildSettings = {
				ASSETCATALOG_COMPILER_APPICON_NAME = AppIcon;
				ASSETCATALOG_COMPILER_GLOBAL_ACCENT_COLOR_NAME = AccentColor;
				CODE_SIGN_ENTITLEMENTS = "Covid Patients/Covid_Patients.entitlements";
				CODE_SIGN_STYLE = Automatic;
				COMBINE_HIDPI_IMAGES = YES;
				CURRENT_PROJECT_VERSION = 1;
				FRAMEWORK_SEARCH_PATHS = (
					"$(inherited)",
					"$(PROJECT_DIR)/Frameworks",
				);
				GENERATE_INFOPLIST_FILE = YES;
				INFOPLIST_KEY_NSHumanReadableCopyright = "";
				INFOPLIST_KEY_NSMainStoryboardFile = Main;
				INFOPLIST_KEY_NSPrincipalClass = NSApplication;
				LD_RUNPATH_SEARCH_PATHS = (
					"$(inherited)",
					"@executable_path/../Frameworks",
					"$(PROJECT_DIR)/Frameworks",
				);
				MARKETING_VERSION = 1.0;
				PRODUCT_BUNDLE_IDENTIFIER = "com.aurora.Covid-Patients";
				PRODUCT_NAME = "$(TARGET_NAME)";
				SWIFT_EMIT_LOC_STRINGS = YES;
				SWIFT_VERSION = 5.0;
			};
			name = Release;
		};
		3059E0BC2A558ACA00211F76 /* Debug */ = {
			isa = XCBuildConfiguration;
			buildSettings = {
				BUNDLE_LOADER = "$(TEST_HOST)";
				CODE_SIGN_STYLE = Automatic;
				CURRENT_PROJECT_VERSION = 1;
				GENERATE_INFOPLIST_FILE = YES;
				IPHONEOS_DEPLOYMENT_TARGET = 16.2;
				MACOSX_DEPLOYMENT_TARGET = 12.5;
				MARKETING_VERSION = 1.0;
				PRODUCT_BUNDLE_IDENTIFIER = "com.aurora.Covid-PatientsTests";
				PRODUCT_NAME = "$(TARGET_NAME)";
				SDKROOT = auto;
				SUPPORTED_PLATFORMS = "iphoneos iphonesimulator macosx";
				SWIFT_EMIT_LOC_STRINGS = NO;
				SWIFT_VERSION = 5.0;
				TARGETED_DEVICE_FAMILY = "1,2";
				TEST_HOST = "$(BUILT_PRODUCTS_DIR)/Covid Patients.app/$(BUNDLE_EXECUTABLE_FOLDER_PATH)/Covid Patients";
			};
			name = Debug;
		};
		3059E0BD2A558ACA00211F76 /* Release */ = {
			isa = XCBuildConfiguration;
			buildSettings = {
				BUNDLE_LOADER = "$(TEST_HOST)";
				CODE_SIGN_STYLE = Automatic;
				CURRENT_PROJECT_VERSION = 1;
				GENERATE_INFOPLIST_FILE = YES;
				IPHONEOS_DEPLOYMENT_TARGET = 16.2;
				MACOSX_DEPLOYMENT_TARGET = 12.5;
				MARKETING_VERSION = 1.0;
				PRODUCT_BUNDLE_IDENTIFIER = "com.aurora.Covid-PatientsTests";
				PRODUCT_NAME = "$(TARGET_NAME)";
				SDKROOT = auto;
				SUPPORTED_PLATFORMS = "iphoneos iphonesimulator macosx";
				SWIFT_EMIT_LOC_STRINGS = NO;
				SWIFT_VERSION = 5.0;
				TARGETED_DEVICE_FAMILY = "1,2";
				TEST_HOST = "$(BUILT_PRODUCTS_DIR)/Covid Patients.app/$(BUNDLE_EXECUTABLE_FOLDER_PATH)/Covid Patients";
			};
			name = Release;
		};
		3059E0CB2A559D0500211F76 /* Debug */ = {
			isa = XCBuildConfiguration;
			buildSettings = {
				CODE_SIGN_STYLE = Automatic;
				CURRENT_PROJECT_VERSION = 1;
				GENERATE_INFOPLIST_FILE = YES;
				MARKETING_VERSION = 1.0;
				PRODUCT_BUNDLE_IDENTIFIER = "com.aurora.Covid-PatientsUITests";
				PRODUCT_NAME = "$(TARGET_NAME)";
				SWIFT_EMIT_LOC_STRINGS = NO;
				SWIFT_VERSION = 5.0;
				TEST_TARGET_NAME = "Covid Patients";
			};
			name = Debug;
		};
		3059E0CC2A559D0500211F76 /* Release */ = {
			isa = XCBuildConfiguration;
			buildSettings = {
				CODE_SIGN_STYLE = Automatic;
				CURRENT_PROJECT_VERSION = 1;
				GENERATE_INFOPLIST_FILE = YES;
				MARKETING_VERSION = 1.0;
				PRODUCT_BUNDLE_IDENTIFIER = "com.aurora.Covid-PatientsUITests";
				PRODUCT_NAME = "$(TARGET_NAME)";
				SWIFT_EMIT_LOC_STRINGS = NO;
				SWIFT_VERSION = 5.0;
				TEST_TARGET_NAME = "Covid Patients";
			};
			name = Release;
		};
		3059E0DA2A55A0C800211F76 /* Debug */ = {
			isa = XCBuildConfiguration;
			buildSettings = {
				CODE_SIGN_STYLE = Automatic;
				CURRENT_PROJECT_VERSION = 1;
				GENERATE_INFOPLIST_FILE = YES;
				MARKETING_VERSION = 1.0;
				PRODUCT_BUNDLE_IDENTIFIER = "com.aurora.Covid-PatientsUITests";
				PRODUCT_NAME = "$(TARGET_NAME)";
				SWIFT_EMIT_LOC_STRINGS = NO;
				SWIFT_VERSION = 5.0;
				TEST_TARGET_NAME = "Covid Patients";
			};
			name = Debug;
		};
		3059E0DB2A55A0C800211F76 /* Release */ = {
			isa = XCBuildConfiguration;
			buildSettings = {
				CODE_SIGN_STYLE = Automatic;
				CURRENT_PROJECT_VERSION = 1;
				GENERATE_INFOPLIST_FILE = YES;
				MARKETING_VERSION = 1.0;
				PRODUCT_BUNDLE_IDENTIFIER = "com.aurora.Covid-PatientsUITests";
				PRODUCT_NAME = "$(TARGET_NAME)";
				SWIFT_EMIT_LOC_STRINGS = NO;
				SWIFT_VERSION = 5.0;
				TEST_TARGET_NAME = "Covid Patients";
			};
			name = Release;
		};
/* End XCBuildConfiguration section */

/* Begin XCConfigurationList section */
		3057627C2A4F474C0089C9F9 /* Build configuration list for PBXProject "Covid Patients" */ = {
			isa = XCConfigurationList;
			buildConfigurations = (
				3057628E2A4F474D0089C9F9 /* Debug */,
				3057628F2A4F474D0089C9F9 /* Release */,
			);
			defaultConfigurationIsVisible = 0;
			defaultConfigurationName = Release;
		};
		305762902A4F474D0089C9F9 /* Build configuration list for PBXNativeTarget "Covid Patients" */ = {
			isa = XCConfigurationList;
			buildConfigurations = (
				305762912A4F474D0089C9F9 /* Debug */,
				305762922A4F474D0089C9F9 /* Release */,
			);
			defaultConfigurationIsVisible = 0;
			defaultConfigurationName = Release;
		};
		3059E0BB2A558ACA00211F76 /* Build configuration list for PBXNativeTarget "Covid PatientsTests" */ = {
			isa = XCConfigurationList;
			buildConfigurations = (
				3059E0BC2A558ACA00211F76 /* Debug */,
				3059E0BD2A558ACA00211F76 /* Release */,
			);
			defaultConfigurationIsVisible = 0;
			defaultConfigurationName = Release;
		};
		3059E0CA2A559D0500211F76 /* Build configuration list for PBXNativeTarget "Covid PatientsUITests" */ = {
			isa = XCConfigurationList;
			buildConfigurations = (
				3059E0CB2A559D0500211F76 /* Debug */,
				3059E0CC2A559D0500211F76 /* Release */,
			);
			defaultConfigurationIsVisible = 0;
			defaultConfigurationName = Release;
		};
		3059E0D92A55A0C800211F76 /* Build configuration list for PBXNativeTarget "Covid_PatientsUITests" */ = {
			isa = XCConfigurationList;
			buildConfigurations = (
				3059E0DA2A55A0C800211F76 /* Debug */,
				3059E0DB2A55A0C800211F76 /* Release */,
			);
			defaultConfigurationIsVisible = 0;
			defaultConfigurationName = Release;
		};
/* End XCConfigurationList section */
	};
	rootObject = 305762792A4F474C0089C9F9 /* Project object */;
}
